
Microsoft Visual Studio Solution File, Format Version 12.00
# Visual Studio Version 16
VisualStudioVersion = 16.0.30114.105
MinimumVisualStudioVersion = 10.0.40219.1
Project("{FAE04EC0-301F-11D3-BF4B-00C04F79EFBC}") = "Pretpark", "src\Pretpark.csproj", "{7696AFCD-D792-4F9F-9A59-563508796172}"
EndProject
Project("{2150E333-8FDC-42A3-9474-1A3956D46DE8}") = "test", "test", "{C1F5D173-9D1F-4D49-B075-4A342CBA4540}"
EndProject
Project("{FAE04EC0-301F-11D3-BF4B-00C04F79EFBC}") = "PretparkTests", "test\PretparkTests\PretparkTests.csproj", "{52681457-94BA-4956-B7AB-5EC23ED6089D}"
EndProject
Global
	GlobalSection(SolutionProperties) = preSolution
		HideSolutionNode = FALSE
	EndGlobalSection
	GlobalSection(SolutionConfigurationPlatforms) = preSolution
		Debug|Any CPU = Debug|Any CPU
		Debug|x64 = Debug|x64
		Debug|x86 = Debug|x86
		Release|Any CPU = Release|Any CPU
		Release|x64 = Release|x64
		Release|x86 = Release|x86
	EndGlobalSection
	GlobalSection(ProjectConfigurationPlatforms) = postSolution
		{7696AFCD-D792-4F9F-9A59-563508796172}.Debug|Any CPU.ActiveCfg = Debug|Any CPU
		{7696AFCD-D792-4F9F-9A59-563508796172}.Debug|Any CPU.Build.0 = Debug|Any CPU
		{7696AFCD-D792-4F9F-9A59-563508796172}.Debug|x64.ActiveCfg = Debug|Any CPU
		{7696AFCD-D792-4F9F-9A59-563508796172}.Debug|x64.Build.0 = Debug|Any CPU
		{7696AFCD-D792-4F9F-9A59-563508796172}.Debug|x86.ActiveCfg = Debug|Any CPU
		{7696AFCD-D792-4F9F-9A59-563508796172}.Debug|x86.Build.0 = Debug|Any CPU
		{7696AFCD-D792-4F9F-9A59-563508796172}.Release|Any CPU.ActiveCfg = Release|Any CPU
		{7696AFCD-D792-4F9F-9A59-563508796172}.Release|Any CPU.Build.0 = Release|Any CPU
		{7696AFCD-D792-4F9F-9A59-563508796172}.Release|x64.ActiveCfg = Release|Any CPU
		{7696AFCD-D792-4F9F-9A59-563508796172}.Release|x64.Build.0 = Release|Any CPU
		{7696AFCD-D792-4F9F-9A59-563508796172}.Release|x86.ActiveCfg = Release|Any CPU
		{7696AFCD-D792-4F9F-9A59-563508796172}.Release|x86.Build.0 = Release|Any CPU
		{52681457-94BA-4956-B7AB-5EC23ED6089D}.Debug|Any CPU.ActiveCfg = Debug|Any CPU
		{52681457-94BA-4956-B7AB-5EC23ED6089D}.Debug|Any CPU.Build.0 = Debug|Any CPU
		{52681457-94BA-4956-B7AB-5EC23ED6089D}.Debug|x64.ActiveCfg = Debug|Any CPU
		{52681457-94BA-4956-B7AB-5EC23ED6089D}.Debug|x64.Build.0 = Debug|Any CPU
		{52681457-94BA-4956-B7AB-5EC23ED6089D}.Debug|x86.ActiveCfg = Debug|Any CPU
		{52681457-94BA-4956-B7AB-5EC23ED6089D}.Debug|x86.Build.0 = Debug|Any CPU
		{52681457-94BA-4956-B7AB-5EC23ED6089D}.Release|Any CPU.ActiveCfg = Release|Any CPU
		{52681457-94BA-4956-B7AB-5EC23ED6089D}.Release|Any CPU.Build.0 = Release|Any CPU
		{52681457-94BA-4956-B7AB-5EC23ED6089D}.Release|x64.ActiveCfg = Release|Any CPU
		{52681457-94BA-4956-B7AB-5EC23ED6089D}.Release|x64.Build.0 = Release|Any CPU
		{52681457-94BA-4956-B7AB-5EC23ED6089D}.Release|x86.ActiveCfg = Release|Any CPU
		{52681457-94BA-4956-B7AB-5EC23ED6089D}.Release|x86.Build.0 = Release|Any CPU
	EndGlobalSection
	GlobalSection(NestedProjects) = preSolution
		{52681457-94BA-4956-B7AB-5EC23ED6089D} = {C1F5D173-9D1F-4D49-B075-4A342CBA4540}
	EndGlobalSection
EndGlobal
